
Microsoft Visual Studio Solution File, Format Version 12.00
# Visual Studio 15
Project("{FAE04EC0-301F-11D3-BF4B-00C04F79EFBC}") = "Unity.Timeline", "Unity.Timeline.csproj", "{05B5DD4F-E312-1068-0C44-0122142B1A34}"
EndProject
Project("{FAE04EC0-301F-11D3-BF4B-00C04F79EFBC}") = "Unity.Timeline.Editor", "Unity.Timeline.Editor.csproj", "{E352B8B1-C098-AB9B-1E1F-1E18335DE629}"
EndProject
Project("{FAE04EC0-301F-11D3-BF4B-00C04F79EFBC}") = "Unity.TextMeshPro.Editor", "Unity.TextMeshPro.Editor.csproj", "{FAEACAD6-413F-84DD-D9B6-691FA47DDBD8}"
EndProject
Project("{FAE04EC0-301F-11D3-BF4B-00C04F79EFBC}") = "Unity.PlasticSCM.Editor", "Unity.PlasticSCM.Editor.csproj", "{9C91765E-C414-38B6-8DAF-3B746E8EC64E}"
EndProject
Project("{FAE04EC0-301F-11D3-BF4B-00C04F79EFBC}") = "Unity.VisualScripting.Flow", "Unity.VisualScripting.Flow.csproj", "{69F42E86-BC62-644E-A4C9-CE45AEFDB80E}"
EndProject
Project("{FAE04EC0-301F-11D3-BF4B-00C04F79EFBC}") = "UnityEditor.UI", "UnityEditor.UI.csproj", "{BC3002BC-C95C-E1E8-0975-E0016743CAA5}"
EndProject
Project("{FAE04EC0-301F-11D3-BF4B-00C04F79EFBC}") = "Unity.VisualScripting.Core", "Unity.VisualScripting.Core.csproj", "{E9FAD183-FF88-F540-69E9-B0E91C076CF6}"
EndProject
Project("{FAE04EC0-301F-11D3-BF4B-00C04F79EFBC}") = "Unity.VisualScripting.Core.Editor", "Unity.VisualScripting.Core.Editor.csproj", "{13C36912-B9FE-DDAF-7C59-A19B41856BB1}"
EndProject
Project("{FAE04EC0-301F-11D3-BF4B-00C04F79EFBC}") = "Unity.VisualScripting.Flow.Editor", "Unity.VisualScripting.Flow.Editor.csproj", "{A788D0A7-DD09-A970-1728-65C6705475FD}"
EndProject
Project("{FAE04EC0-301F-11D3-BF4B-00C04F79EFBC}") = "UnityEditor.TestRunner", "UnityEditor.TestRunner.csproj", "{CC71B4C5-E005-4704-4A63-F233C5C4AC6D}"
EndProject
Project("{FAE04EC0-301F-11D3-BF4B-00C04F79EFBC}") = "Unity.VisualScripting.SettingsProvider.Editor", "Unity.VisualScripting.SettingsProvider.Editor.csproj", "{1BBD7654-0C22-CE31-3212-A57B3C506DB1}"
EndProject
Project("{FAE04EC0-301F-11D3-BF4B-00C04F79EFBC}") = "UnityEngine.TestRunner", "UnityEngine.TestRunner.csproj", "{A061012E-E5EF-284B-845B-48AB50242721}"
EndProject
Project("{FAE04EC0-301F-11D3-BF4B-00C04F79EFBC}") = "UnityEngine.UI", "UnityEngine.UI.csproj", "{D7973915-38E5-6E1D-8619-D3AE732C3900}"
EndProject
Project("{FAE04EC0-301F-11D3-BF4B-00C04F79EFBC}") = "Unity.AI.Navigation.Editor", "Unity.AI.Navigation.Editor.csproj", "{DCE9EBC6-5512-60D6-2B48-AF1F3754DE94}"
EndProject
Project("{FAE04EC0-301F-11D3-BF4B-00C04F79EFBC}") = "Unity.VisualStudio.Editor", "Unity.VisualStudio.Editor.csproj", "{5EE38AA2-20A0-7CCC-D27C-32998B065254}"
EndProject
Project("{FAE04EC0-301F-11D3-BF4B-00C04F79EFBC}") = "Unity.TestTools.CodeCoverage.Editor.OpenCover.Model", "Unity.TestTools.CodeCoverage.Editor.OpenCover.Model.csproj", "{0BDFE3E2-4E0E-CAB7-0817-FE9205C61711}"
EndProject
Project("{FAE04EC0-301F-11D3-BF4B-00C04F79EFBC}") = "Unity.Rider.Editor", "Unity.Rider.Editor.csproj", "{6F360AA5-A813-195F-EAB6-D6351CE7780C}"
EndProject
Project("{FAE04EC0-301F-11D3-BF4B-00C04F79EFBC}") = "Unity.AI.Navigation", "Unity.AI.Navigation.csproj", "{F6FF0DA0-ED85-B4FD-D5A3-FD3AE12037A6}"
EndProject
Project("{FAE04EC0-301F-11D3-BF4B-00C04F79EFBC}") = "Unity.CollabProxy.Editor", "Unity.CollabProxy.Editor.csproj", "{C7F138BF-13CD-196A-5595-E37DCD49C8C2}"
EndProject
Project("{FAE04EC0-301F-11D3-BF4B-00C04F79EFBC}") = "Assembly-CSharp-Editor", "Assembly-CSharp-Editor.csproj", "{70C03D4C-CB77-83E6-9649-CC7F6B9FD8E0}"
EndProject
Project("{FAE04EC0-301F-11D3-BF4B-00C04F79EFBC}") = "Unity.AI.Navigation.Editor.ConversionSystem", "Unity.AI.Navigation.Editor.ConversionSystem.csproj", "{9B4230AD-67DD-786C-5FBB-CAC08FDE9D81}"
EndProject
Project("{FAE04EC0-301F-11D3-BF4B-00C04F79EFBC}") = "Unity.VisualScripting.State.Editor", "Unity.VisualScripting.State.Editor.csproj", "{9E345C0A-670E-1556-23CD-A4DE821C76A1}"
EndProject
Project("{FAE04EC0-301F-11D3-BF4B-00C04F79EFBC}") = "Unity.TestTools.CodeCoverage.Editor", "Unity.TestTools.CodeCoverage.Editor.csproj", "{26E6972B-EEEE-0778-CBE1-62E664298ADC}"
EndProject
Project("{FAE04EC0-301F-11D3-BF4B-00C04F79EFBC}") = "Unity.VisualScripting.State", "Unity.VisualScripting.State.csproj", "{16DFC2FC-63EF-3507-5F99-76CC254EC08F}"
EndProject
Project("{FAE04EC0-301F-11D3-BF4B-00C04F79EFBC}") = "Unity.TextMeshPro", "Unity.TextMeshPro.csproj", "{ED8E3061-368A-EDF2-EBE5-D3F7FDC82348}"
EndProject
Project("{FAE04EC0-301F-11D3-BF4B-00C04F79EFBC}") = "Unity.Performance.Profile-Analyzer.Editor", "Unity.Performance.Profile-Analyzer.Editor.csproj", "{ED4070FD-E976-CF1C-6C12-FE62FAC5BD83}"
EndProject
Project("{FAE04EC0-301F-11D3-BF4B-00C04F79EFBC}") = "Assembly-CSharp", "Assembly-CSharp.csproj", "{65DB33C9-E3FC-1E80-71EF-9815F879A24C}"
EndProject
Project("{FAE04EC0-301F-11D3-BF4B-00C04F79EFBC}") = "Unity.VSCode.Editor", "Unity.VSCode.Editor.csproj", "{361EB393-1F75-7786-D05D-8376D0BA8258}"
EndProject
Project("{FAE04EC0-301F-11D3-BF4B-00C04F79EFBC}") = "Unity.TestTools.CodeCoverage.Editor.OpenCover.Mono.Reflection", "Unity.TestTools.CodeCoverage.Editor.OpenCover.Mono.Reflection.csproj", "{C0B9F996-CFE3-C537-1CB5-A3A0604F0439}"
EndProject
Project("{FAE04EC0-301F-11D3-BF4B-00C04F79EFBC}") = "Unity.AI.Navigation.Updater", "Unity.AI.Navigation.Updater.csproj", "{26ED9B9B-F7D1-984E-4952-26E81AF79B8C}"
EndProject
Project("{FAE04EC0-301F-11D3-BF4B-00C04F79EFBC}") = "Unity.Settings.Editor", "Unity.Settings.Editor.csproj", "{EE733A14-8910-5C86-E789-9D62CF964EE9}"
EndProject
Project("{FAE04EC0-301F-11D3-BF4B-00C04F79EFBC}") = "Unity.EditorCoroutines.Editor", "Unity.EditorCoroutines.Editor.csproj", "{719965F6-78B0-4C85-6FEB-E6259E18A23F}"
EndProject
Project("{FAE04EC0-301F-11D3-BF4B-00C04F79EFBC}") = "Unity.VisualScripting.Shared.Editor", "Unity.VisualScripting.Shared.Editor.csproj", "{45AE0C1A-0D14-9B5B-F7F8-094734AAF407}"
EndProject
Project("{FAE04EC0-301F-11D3-BF4B-00C04F79EFBC}") = "Unity.Timeline", "Unity.Timeline.Player.csproj", "{FEE66FE8-C0E8-A1AA-58F7-0C7088C6CD2A}"
EndProject
Project("{FAE04EC0-301F-11D3-BF4B-00C04F79EFBC}") = "Unity.VisualScripting.Flow", "Unity.VisualScripting.Flow.Player.csproj", "{4F12C6EA-E4AD-41E9-E74F-5654B54DE193}"
EndProject
Project("{FAE04EC0-301F-11D3-BF4B-00C04F79EFBC}") = "Unity.VisualScripting.Core", "Unity.VisualScripting.Core.Player.csproj", "{49B9C9BC-C8F6-8E25-4EC8-24909979FEC8}"
EndProject
Project("{FAE04EC0-301F-11D3-BF4B-00C04F79EFBC}") = "UnityEngine.TestRunner", "UnityEngine.TestRunner.Player.csproj", "{66C6B5C8-B9FF-2359-9CC1-26EFA558C8D8}"
EndProject
Project("{FAE04EC0-301F-11D3-BF4B-00C04F79EFBC}") = "UnityEngine.UI", "UnityEngine.UI.Player.csproj", "{1670FDD3-082C-FEDE-4A3E-73BD91D2443F}"
EndProject
Project("{FAE04EC0-301F-11D3-BF4B-00C04F79EFBC}") = "Unity.AI.Navigation", "Unity.AI.Navigation.Player.csproj", "{0C53567F-045B-8793-BE7D-5086ACB10AD7}"
EndProject
Project("{FAE04EC0-301F-11D3-BF4B-00C04F79EFBC}") = "Unity.VisualScripting.State", "Unity.VisualScripting.State.Player.csproj", "{841AAE6D-AF4E-051D-EDA9-F24A734E68CF}"
EndProject
Project("{FAE04EC0-301F-11D3-BF4B-00C04F79EFBC}") = "Unity.TextMeshPro", "Unity.TextMeshPro.Player.csproj", "{891DCA48-C156-4D78-9AFC-35662C5A50ED}"
EndProject
Project("{FAE04EC0-301F-11D3-BF4B-00C04F79EFBC}") = "Assembly-CSharp", "Assembly-CSharp.Player.csproj", "{9E743906-43BF-DC23-C4E4-BFDAAA773DE3}"
EndProject
Global
	GlobalSection(SolutionConfigurationPlatforms) = preSolution
		Debug|Any CPU = Debug|Any CPU
		Release|Any CPU = Release|Any CPU
	EndGlobalSection
	GlobalSection(ProjectConfigurationPlatforms) = postSolution
		{05B5DD4F-E312-1068-0C44-0122142B1A34}.Debug|Any CPU.ActiveCfg = Debug|Any CPU
		{05B5DD4F-E312-1068-0C44-0122142B1A34}.Debug|Any CPU.Build.0 = Debug|Any CPU
		{05B5DD4F-E312-1068-0C44-0122142B1A34}.Release|Any CPU.ActiveCfg = Release|Any CPU
		{05B5DD4F-E312-1068-0C44-0122142B1A34}.Release|Any CPU.Build.0 = Release|Any CPU
		{E352B8B1-C098-AB9B-1E1F-1E18335DE629}.Debug|Any CPU.ActiveCfg = Debug|Any CPU
		{E352B8B1-C098-AB9B-1E1F-1E18335DE629}.Debug|Any CPU.Build.0 = Debug|Any CPU
		{E352B8B1-C098-AB9B-1E1F-1E18335DE629}.Release|Any CPU.ActiveCfg = Release|Any CPU
		{E352B8B1-C098-AB9B-1E1F-1E18335DE629}.Release|Any CPU.Build.0 = Release|Any CPU
		{FAEACAD6-413F-84DD-D9B6-691FA47DDBD8}.Debug|Any CPU.ActiveCfg = Debug|Any CPU
		{FAEACAD6-413F-84DD-D9B6-691FA47DDBD8}.Debug|Any CPU.Build.0 = Debug|Any CPU
		{FAEACAD6-413F-84DD-D9B6-691FA47DDBD8}.Release|Any CPU.ActiveCfg = Release|Any CPU
		{FAEACAD6-413F-84DD-D9B6-691FA47DDBD8}.Release|Any CPU.Build.0 = Release|Any CPU
		{9C91765E-C414-38B6-8DAF-3B746E8EC64E}.Debug|Any CPU.ActiveCfg = Debug|Any CPU
		{9C91765E-C414-38B6-8DAF-3B746E8EC64E}.Debug|Any CPU.Build.0 = Debug|Any CPU
		{9C91765E-C414-38B6-8DAF-3B746E8EC64E}.Release|Any CPU.ActiveCfg = Release|Any CPU
		{9C91765E-C414-38B6-8DAF-3B746E8EC64E}.Release|Any CPU.Build.0 = Release|Any CPU
		{69F42E86-BC62-644E-A4C9-CE45AEFDB80E}.Debug|Any CPU.ActiveCfg = Debug|Any CPU
		{69F42E86-BC62-644E-A4C9-CE45AEFDB80E}.Debug|Any CPU.Build.0 = Debug|Any CPU
		{69F42E86-BC62-644E-A4C9-CE45AEFDB80E}.Release|Any CPU.ActiveCfg = Release|Any CPU
		{69F42E86-BC62-644E-A4C9-CE45AEFDB80E}.Release|Any CPU.Build.0 = Release|Any CPU
		{BC3002BC-C95C-E1E8-0975-E0016743CAA5}.Debug|Any CPU.ActiveCfg = Debug|Any CPU
		{BC3002BC-C95C-E1E8-0975-E0016743CAA5}.Debug|Any CPU.Build.0 = Debug|Any CPU
		{BC3002BC-C95C-E1E8-0975-E0016743CAA5}.Release|Any CPU.ActiveCfg = Release|Any CPU
		{BC3002BC-C95C-E1E8-0975-E0016743CAA5}.Release|Any CPU.Build.0 = Release|Any CPU
		{E9FAD183-FF88-F540-69E9-B0E91C076CF6}.Debug|Any CPU.ActiveCfg = Debug|Any CPU
		{E9FAD183-FF88-F540-69E9-B0E91C076CF6}.Debug|Any CPU.Build.0 = Debug|Any CPU
		{E9FAD183-FF88-F540-69E9-B0E91C076CF6}.Release|Any CPU.ActiveCfg = Release|Any CPU
		{E9FAD183-FF88-F540-69E9-B0E91C076CF6}.Release|Any CPU.Build.0 = Release|Any CPU
		{13C36912-B9FE-DDAF-7C59-A19B41856BB1}.Debug|Any CPU.ActiveCfg = Debug|Any CPU
		{13C36912-B9FE-DDAF-7C59-A19B41856BB1}.Debug|Any CPU.Build.0 = Debug|Any CPU
		{13C36912-B9FE-DDAF-7C59-A19B41856BB1}.Release|Any CPU.ActiveCfg = Release|Any CPU
		{13C36912-B9FE-DDAF-7C59-A19B41856BB1}.Release|Any CPU.Build.0 = Release|Any CPU
		{A788D0A7-DD09-A970-1728-65C6705475FD}.Debug|Any CPU.ActiveCfg = Debug|Any CPU
		{A788D0A7-DD09-A970-1728-65C6705475FD}.Debug|Any CPU.Build.0 = Debug|Any CPU
		{A788D0A7-DD09-A970-1728-65C6705475FD}.Release|Any CPU.ActiveCfg = Release|Any CPU
		{A788D0A7-DD09-A970-1728-65C6705475FD}.Release|Any CPU.Build.0 = Release|Any CPU
		{CC71B4C5-E005-4704-4A63-F233C5C4AC6D}.Debug|Any CPU.ActiveCfg = Debug|Any CPU
		{CC71B4C5-E005-4704-4A63-F233C5C4AC6D}.Debug|Any CPU.Build.0 = Debug|Any CPU
		{CC71B4C5-E005-4704-4A63-F233C5C4AC6D}.Release|Any CPU.ActiveCfg = Release|Any CPU
		{CC71B4C5-E005-4704-4A63-F233C5C4AC6D}.Release|Any CPU.Build.0 = Release|Any CPU
		{1BBD7654-0C22-CE31-3212-A57B3C506DB1}.Debug|Any CPU.ActiveCfg = Debug|Any CPU
		{1BBD7654-0C22-CE31-3212-A57B3C506DB1}.Debug|Any CPU.Build.0 = Debug|Any CPU
		{1BBD7654-0C22-CE31-3212-A57B3C506DB1}.Release|Any CPU.ActiveCfg = Release|Any CPU
		{1BBD7654-0C22-CE31-3212-A57B3C506DB1}.Release|Any CPU.Build.0 = Release|Any CPU
		{A061012E-E5EF-284B-845B-48AB50242721}.Debug|Any CPU.ActiveCfg = Debug|Any CPU
		{A061012E-E5EF-284B-845B-48AB50242721}.Debug|Any CPU.Build.0 = Debug|Any CPU
		{A061012E-E5EF-284B-845B-48AB50242721}.Release|Any CPU.ActiveCfg = Release|Any CPU
		{A061012E-E5EF-284B-845B-48AB50242721}.Release|Any CPU.Build.0 = Release|Any CPU
		{D7973915-38E5-6E1D-8619-D3AE732C3900}.Debug|Any CPU.ActiveCfg = Debug|Any CPU
		{D7973915-38E5-6E1D-8619-D3AE732C3900}.Debug|Any CPU.Build.0 = Debug|Any CPU
		{D7973915-38E5-6E1D-8619-D3AE732C3900}.Release|Any CPU.ActiveCfg = Release|Any CPU
		{D7973915-38E5-6E1D-8619-D3AE732C3900}.Release|Any CPU.Build.0 = Release|Any CPU
		{DCE9EBC6-5512-60D6-2B48-AF1F3754DE94}.Debug|Any CPU.ActiveCfg = Debug|Any CPU
		{DCE9EBC6-5512-60D6-2B48-AF1F3754DE94}.Debug|Any CPU.Build.0 = Debug|Any CPU
		{DCE9EBC6-5512-60D6-2B48-AF1F3754DE94}.Release|Any CPU.ActiveCfg = Release|Any CPU
		{DCE9EBC6-5512-60D6-2B48-AF1F3754DE94}.Release|Any CPU.Build.0 = Release|Any CPU
		{5EE38AA2-20A0-7CCC-D27C-32998B065254}.Debug|Any CPU.ActiveCfg = Debug|Any CPU
		{5EE38AA2-20A0-7CCC-D27C-32998B065254}.Debug|Any CPU.Build.0 = Debug|Any CPU
		{5EE38AA2-20A0-7CCC-D27C-32998B065254}.Release|Any CPU.ActiveCfg = Release|Any CPU
		{5EE38AA2-20A0-7CCC-D27C-32998B065254}.Release|Any CPU.Build.0 = Release|Any CPU
		{0BDFE3E2-4E0E-CAB7-0817-FE9205C61711}.Debug|Any CPU.ActiveCfg = Debug|Any CPU
		{0BDFE3E2-4E0E-CAB7-0817-FE9205C61711}.Debug|Any CPU.Build.0 = Debug|Any CPU
		{0BDFE3E2-4E0E-CAB7-0817-FE9205C61711}.Release|Any CPU.ActiveCfg = Release|Any CPU
		{0BDFE3E2-4E0E-CAB7-0817-FE9205C61711}.Release|Any CPU.Build.0 = Release|Any CPU
		{6F360AA5-A813-195F-EAB6-D6351CE7780C}.Debug|Any CPU.ActiveCfg = Debug|Any CPU
		{6F360AA5-A813-195F-EAB6-D6351CE7780C}.Debug|Any CPU.Build.0 = Debug|Any CPU
		{6F360AA5-A813-195F-EAB6-D6351CE7780C}.Release|Any CPU.ActiveCfg = Release|Any CPU
		{6F360AA5-A813-195F-EAB6-D6351CE7780C}.Release|Any CPU.Build.0 = Release|Any CPU
		{F6FF0DA0-ED85-B4FD-D5A3-FD3AE12037A6}.Debug|Any CPU.ActiveCfg = Debug|Any CPU
		{F6FF0DA0-ED85-B4FD-D5A3-FD3AE12037A6}.Debug|Any CPU.Build.0 = Debug|Any CPU
		{F6FF0DA0-ED85-B4FD-D5A3-FD3AE12037A6}.Release|Any CPU.ActiveCfg = Release|Any CPU
		{F6FF0DA0-ED85-B4FD-D5A3-FD3AE12037A6}.Release|Any CPU.Build.0 = Release|Any CPU
		{C7F138BF-13CD-196A-5595-E37DCD49C8C2}.Debug|Any CPU.ActiveCfg = Debug|Any CPU
		{C7F138BF-13CD-196A-5595-E37DCD49C8C2}.Debug|Any CPU.Build.0 = Debug|Any CPU
		{C7F138BF-13CD-196A-5595-E37DCD49C8C2}.Release|Any CPU.ActiveCfg = Release|Any CPU
		{C7F138BF-13CD-196A-5595-E37DCD49C8C2}.Release|Any CPU.Build.0 = Release|Any CPU
		{70C03D4C-CB77-83E6-9649-CC7F6B9FD8E0}.Debug|Any CPU.ActiveCfg = Debug|Any CPU
		{70C03D4C-CB77-83E6-9649-CC7F6B9FD8E0}.Debug|Any CPU.Build.0 = Debug|Any CPU
		{70C03D4C-CB77-83E6-9649-CC7F6B9FD8E0}.Release|Any CPU.ActiveCfg = Release|Any CPU
		{70C03D4C-CB77-83E6-9649-CC7F6B9FD8E0}.Release|Any CPU.Build.0 = Release|Any CPU
		{9B4230AD-67DD-786C-5FBB-CAC08FDE9D81}.Debug|Any CPU.ActiveCfg = Debug|Any CPU
		{9B4230AD-67DD-786C-5FBB-CAC08FDE9D81}.Debug|Any CPU.Build.0 = Debug|Any CPU
		{9B4230AD-67DD-786C-5FBB-CAC08FDE9D81}.Release|Any CPU.ActiveCfg = Release|Any CPU
		{9B4230AD-67DD-786C-5FBB-CAC08FDE9D81}.Release|Any CPU.Build.0 = Release|Any CPU
		{9E345C0A-670E-1556-23CD-A4DE821C76A1}.Debug|Any CPU.ActiveCfg = Debug|Any CPU
		{9E345C0A-670E-1556-23CD-A4DE821C76A1}.Debug|Any CPU.Build.0 = Debug|Any CPU
		{9E345C0A-670E-1556-23CD-A4DE821C76A1}.Release|Any CPU.ActiveCfg = Release|Any CPU
		{9E345C0A-670E-1556-23CD-A4DE821C76A1}.Release|Any CPU.Build.0 = Release|Any CPU
		{26E6972B-EEEE-0778-CBE1-62E664298ADC}.Debug|Any CPU.ActiveCfg = Debug|Any CPU
		{26E6972B-EEEE-0778-CBE1-62E664298ADC}.Debug|Any CPU.Build.0 = Debug|Any CPU
		{26E6972B-EEEE-0778-CBE1-62E664298ADC}.Release|Any CPU.ActiveCfg = Release|Any CPU
		{26E6972B-EEEE-0778-CBE1-62E664298ADC}.Release|Any CPU.Build.0 = Release|Any CPU
		{16DFC2FC-63EF-3507-5F99-76CC254EC08F}.Debug|Any CPU.ActiveCfg = Debug|Any CPU
		{16DFC2FC-63EF-3507-5F99-76CC254EC08F}.Debug|Any CPU.Build.0 = Debug|Any CPU
		{16DFC2FC-63EF-3507-5F99-76CC254EC08F}.Release|Any CPU.ActiveCfg = Release|Any CPU
		{16DFC2FC-63EF-3507-5F99-76CC254EC08F}.Release|Any CPU.Build.0 = Release|Any CPU
		{ED8E3061-368A-EDF2-EBE5-D3F7FDC82348}.Debug|Any CPU.ActiveCfg = Debug|Any CPU
		{ED8E3061-368A-EDF2-EBE5-D3F7FDC82348}.Debug|Any CPU.Build.0 = Debug|Any CPU
		{ED8E3061-368A-EDF2-EBE5-D3F7FDC82348}.Release|Any CPU.ActiveCfg = Release|Any CPU
		{ED8E3061-368A-EDF2-EBE5-D3F7FDC82348}.Release|Any CPU.Build.0 = Release|Any CPU
		{ED4070FD-E976-CF1C-6C12-FE62FAC5BD83}.Debug|Any CPU.ActiveCfg = Debug|Any CPU
		{ED4070FD-E976-CF1C-6C12-FE62FAC5BD83}.Debug|Any CPU.Build.0 = Debug|Any CPU
		{ED4070FD-E976-CF1C-6C12-FE62FAC5BD83}.Release|Any CPU.ActiveCfg = Release|Any CPU
		{ED4070FD-E976-CF1C-6C12-FE62FAC5BD83}.Release|Any CPU.Build.0 = Release|Any CPU
		{65DB33C9-E3FC-1E80-71EF-9815F879A24C}.Debug|Any CPU.ActiveCfg = Debug|Any CPU
		{65DB33C9-E3FC-1E80-71EF-9815F879A24C}.Debug|Any CPU.Build.0 = Debug|Any CPU
		{65DB33C9-E3FC-1E80-71EF-9815F879A24C}.Release|Any CPU.ActiveCfg = Release|Any CPU
		{65DB33C9-E3FC-1E80-71EF-9815F879A24C}.Release|Any CPU.Build.0 = Release|Any CPU
		{361EB393-1F75-7786-D05D-8376D0BA8258}.Debug|Any CPU.ActiveCfg = Debug|Any CPU
		{361EB393-1F75-7786-D05D-8376D0BA8258}.Debug|Any CPU.Build.0 = Debug|Any CPU
		{361EB393-1F75-7786-D05D-8376D0BA8258}.Release|Any CPU.ActiveCfg = Release|Any CPU
		{361EB393-1F75-7786-D05D-8376D0BA8258}.Release|Any CPU.Build.0 = Release|Any CPU
		{C0B9F996-CFE3-C537-1CB5-A3A0604F0439}.Debug|Any CPU.ActiveCfg = Debug|Any CPU
		{C0B9F996-CFE3-C537-1CB5-A3A0604F0439}.Debug|Any CPU.Build.0 = Debug|Any CPU
		{C0B9F996-CFE3-C537-1CB5-A3A0604F0439}.Release|Any CPU.ActiveCfg = Release|Any CPU
		{C0B9F996-CFE3-C537-1CB5-A3A0604F0439}.Release|Any CPU.Build.0 = Release|Any CPU
		{26ED9B9B-F7D1-984E-4952-26E81AF79B8C}.Debug|Any CPU.ActiveCfg = Debug|Any CPU
		{26ED9B9B-F7D1-984E-4952-26E81AF79B8C}.Debug|Any CPU.Build.0 = Debug|Any CPU
		{26ED9B9B-F7D1-984E-4952-26E81AF79B8C}.Release|Any CPU.ActiveCfg = Release|Any CPU
		{26ED9B9B-F7D1-984E-4952-26E81AF79B8C}.Release|Any CPU.Build.0 = Release|Any CPU
		{EE733A14-8910-5C86-E789-9D62CF964EE9}.Debug|Any CPU.ActiveCfg = Debug|Any CPU
		{EE733A14-8910-5C86-E789-9D62CF964EE9}.Debug|Any CPU.Build.0 = Debug|Any CPU
		{EE733A14-8910-5C86-E789-9D62CF964EE9}.Release|Any CPU.ActiveCfg = Release|Any CPU
		{EE733A14-8910-5C86-E789-9D62CF964EE9}.Release|Any CPU.Build.0 = Release|Any CPU
		{719965F6-78B0-4C85-6FEB-E6259E18A23F}.Debug|Any CPU.ActiveCfg = Debug|Any CPU
		{719965F6-78B0-4C85-6FEB-E6259E18A23F}.Debug|Any CPU.Build.0 = Debug|Any CPU
		{719965F6-78B0-4C85-6FEB-E6259E18A23F}.Release|Any CPU.ActiveCfg = Release|Any CPU
		{719965F6-78B0-4C85-6FEB-E6259E18A23F}.Release|Any CPU.Build.0 = Release|Any CPU
		{45AE0C1A-0D14-9B5B-F7F8-094734AAF407}.Debug|Any CPU.ActiveCfg = Debug|Any CPU
		{45AE0C1A-0D14-9B5B-F7F8-094734AAF407}.Debug|Any CPU.Build.0 = Debug|Any CPU
		{45AE0C1A-0D14-9B5B-F7F8-094734AAF407}.Release|Any CPU.ActiveCfg = Release|Any CPU
		{45AE0C1A-0D14-9B5B-F7F8-094734AAF407}.Release|Any CPU.Build.0 = Release|Any CPU
		{FEE66FE8-C0E8-A1AA-58F7-0C7088C6CD2A}.Debug|Any CPU.ActiveCfg = Debug|Any CPU
		{FEE66FE8-C0E8-A1AA-58F7-0C7088C6CD2A}.Debug|Any CPU.Build.0 = Debug|Any CPU
		{FEE66FE8-C0E8-A1AA-58F7-0C7088C6CD2A}.Release|Any CPU.ActiveCfg = Release|Any CPU
		{FEE66FE8-C0E8-A1AA-58F7-0C7088C6CD2A}.Release|Any CPU.Build.0 = Release|Any CPU
		{4F12C6EA-E4AD-41E9-E74F-5654B54DE193}.Debug|Any CPU.ActiveCfg = Debug|Any CPU
		{4F12C6EA-E4AD-41E9-E74F-5654B54DE193}.Debug|Any CPU.Build.0 = Debug|Any CPU
		{4F12C6EA-E4AD-41E9-E74F-5654B54DE193}.Release|Any CPU.ActiveCfg = Release|Any CPU
		{4F12C6EA-E4AD-41E9-E74F-5654B54DE193}.Release|Any CPU.Build.0 = Release|Any CPU
		{49B9C9BC-C8F6-8E25-4EC8-24909979FEC8}.Debug|Any CPU.ActiveCfg = Debug|Any CPU
		{49B9C9BC-C8F6-8E25-4EC8-24909979FEC8}.Debug|Any CPU.Build.0 = Debug|Any CPU
		{49B9C9BC-C8F6-8E25-4EC8-24909979FEC8}.Release|Any CPU.ActiveCfg = Release|Any CPU
		{49B9C9BC-C8F6-8E25-4EC8-24909979FEC8}.Release|Any CPU.Build.0 = Release|Any CPU
		{66C6B5C8-B9FF-2359-9CC1-26EFA558C8D8}.Debug|Any CPU.ActiveCfg = Debug|Any CPU
		{66C6B5C8-B9FF-2359-9CC1-26EFA558C8D8}.Debug|Any CPU.Build.0 = Debug|Any CPU
		{66C6B5C8-B9FF-2359-9CC1-26EFA558C8D8}.Release|Any CPU.ActiveCfg = Release|Any CPU
		{66C6B5C8-B9FF-2359-9CC1-26EFA558C8D8}.Release|Any CPU.Build.0 = Release|Any CPU
		{1670FDD3-082C-FEDE-4A3E-73BD91D2443F}.Debug|Any CPU.ActiveCfg = Debug|Any CPU
		{1670FDD3-082C-FEDE-4A3E-73BD91D2443F}.Debug|Any CPU.Build.0 = Debug|Any CPU
		{1670FDD3-082C-FEDE-4A3E-73BD91D2443F}.Release|Any CPU.ActiveCfg = Release|Any CPU
		{1670FDD3-082C-FEDE-4A3E-73BD91D2443F}.Release|Any CPU.Build.0 = Release|Any CPU
		{0C53567F-045B-8793-BE7D-5086ACB10AD7}.Debug|Any CPU.ActiveCfg = Debug|Any CPU
		{0C53567F-045B-8793-BE7D-5086ACB10AD7}.Debug|Any CPU.Build.0 = Debug|Any CPU
		{0C53567F-045B-8793-BE7D-5086ACB10AD7}.Release|Any CPU.ActiveCfg = Release|Any CPU
		{0C53567F-045B-8793-BE7D-5086ACB10AD7}.Release|Any CPU.Build.0 = Release|Any CPU
		{841AAE6D-AF4E-051D-EDA9-F24A734E68CF}.Debug|Any CPU.ActiveCfg = Debug|Any CPU
		{841AAE6D-AF4E-051D-EDA9-F24A734E68CF}.Debug|Any CPU.Build.0 = Debug|Any CPU
		{841AAE6D-AF4E-051D-EDA9-F24A734E68CF}.Release|Any CPU.ActiveCfg = Release|Any CPU
		{841AAE6D-AF4E-051D-EDA9-F24A734E68CF}.Release|Any CPU.Build.0 = Release|Any CPU
		{891DCA48-C156-4D78-9AFC-35662C5A50ED}.Debug|Any CPU.ActiveCfg = Debug|Any CPU
		{891DCA48-C156-4D78-9AFC-35662C5A50ED}.Debug|Any CPU.Build.0 = Debug|Any CPU
		{891DCA48-C156-4D78-9AFC-35662C5A50ED}.Release|Any CPU.ActiveCfg = Release|Any CPU
		{891DCA48-C156-4D78-9AFC-35662C5A50ED}.Release|Any CPU.Build.0 = Release|Any CPU
		{9E743906-43BF-DC23-C4E4-BFDAAA773DE3}.Debug|Any CPU.ActiveCfg = Debug|Any CPU
		{9E743906-43BF-DC23-C4E4-BFDAAA773DE3}.Debug|Any CPU.Build.0 = Debug|Any CPU
		{9E743906-43BF-DC23-C4E4-BFDAAA773DE3}.Release|Any CPU.ActiveCfg = Release|Any CPU
		{9E743906-43BF-DC23-C4E4-BFDAAA773DE3}.Release|Any CPU.Build.0 = Release|Any CPU
	EndGlobalSection
	GlobalSection(SolutionProperties) = preSolution
		HideSolutionNode = FALSE
	EndGlobalSection
EndGlobal
